{
  "requires": true,
  "lockfileVersion": 1,
  "dependencies": {
    "webix": {
      "version": "8.3.0",
      "resolved": "https://registry.npmjs.org/webix/-/webix-8.3.0.tgz",
      "integrity": "sha512-QuDAWJDrGl42uXy7Jp1+WMFpuwN7buEdeBhwd9gj/+vLZMGRikz2l8MtyDZ8A+/h2WXBj+eErcDAYdJ/3pYYHA=="
    }
  }
}
